{
  "name": "compromised-app",
  "lockfileVersion": 3,
  "requires": true,
  "packages": {
    "": {
      "name": "compromised-app",
      "version": "1.0.0",
      "dependencies": {
        "express": "4.18.2",
        "colorz": "^1.0.4",
        "types-node": "20.1.0",
        "express-js": "4.18.2",
        "analytics-helper": "*",
        "сhalk": "5.3.0"
      }
    },
    "node_modules/express": {
      "version": "4.18.2",
      "resolved": "https://registry.npmjs.org/express/-/express-4.18.2.tgz",
      "integrity": "sha512-5/PsL6iGPdfQ/lKM1UuielYgv3BUoJfz1aUwU9vHZ+J7gyvwdQXFEBIEIaxeGf0GIcreATNyBExtalisDbuMqQ=="
    },
    "node_modules/colorz": {
      "version": "1.0.4",
      "resolved": "https://registry.npmjs.org/colorz/-/colorz-1.0.4.tgz",
      "integrity": "sha512-AAAAAAAAAAAAAAAAAAAAAAAAAAAAAAAAAAAAAAAAAAAAAAAAAAAAAAAAAAAAAAAAAAAAAAAAAAAAAAAAAAAAAAAAAA==",
      "hasInstallScript": true
    },
    "node_modules/types-node": {
      "version": "20.1.0",
      "resolved": "http://registry.internal.example.invalid/types-node/-/types-node-20.1.0.tgz"
    },
    "node_modules/express-js": {
      "version": "4.18.2",
      "resolved": "https://registry.npmjs.org/express-js/-/express-js-4.18.2.tgz"
    },
    "node_modules/analytics-helper": {
      "version": "1.0.0",
      "resolved": "git+ssh://git@github.com/example-invalid/analytics-helper.git#main",
      "hasInstallScript": true
    },
    "node_modules/сhalk": {
      "version": "5.3.0",
      "resolved": "https://registry.npmjs.org/%D1%81halk/-/%D1%81halk-5.3.0.tgz",
      "integrity": "sha512-BBBBBBBBBBBBBBBBBBBBBBBBBBBBBBBBBBBBBBBBBBBBBBBBBBBBBBBBBBBBBBBBBBBBBBBBBBBBBBBBBBBBBBBBBB=="
    }
  }
}
